
Microsoft Visual Studio Solution File, Format Version 11.00
# Visual Studio 2010
Project("{FAE04EC0-301F-11D3-BF4B-00C04F79EFBC}") = "SharepointCommon15", "SharepointCommon\SharepointCommon15.csproj", "{84F70ECA-0B60-4452-ADE3-1A9ABC7B765E}"
EndProject
Project("{FAE04EC0-301F-11D3-BF4B-00C04F79EFBC}") = "SharepointCommon.Test15", "SharepointCommon.Test\SharepointCommon.Test15.csproj", "{862730D3-4233-46D1-B8CC-E0C828943AF8}"
EndProject
Project("{7CF6DF6D-3B04-46F8-A40B-537D21BCA0B4}") = "SharepointCommon.Docs15", "SharepointCommon.Docs\SharepointCommon.Docs15.shfbproj", "{03F011F7-993D-47F4-8906-D02FA02C684F}"
EndProject
Global	
	GlobalSection(SolutionConfigurationPlatforms) = preSolution
		Debug|Any CPU = Debug|Any CPU
		Release|Any CPU = Release|Any CPU
	EndGlobalSection
	GlobalSection(ProjectConfigurationPlatforms) = postSolution
		{84F70ECA-0B60-4452-ADE3-1A9ABC7B765E}.Debug|Any CPU.ActiveCfg = Debug|Any CPU
		{84F70ECA-0B60-4452-ADE3-1A9ABC7B765E}.Debug|Any CPU.Build.0 = Debug|Any CPU
		{84F70ECA-0B60-4452-ADE3-1A9ABC7B765E}.Release|Any CPU.ActiveCfg = Release|Any CPU
		{84F70ECA-0B60-4452-ADE3-1A9ABC7B765E}.Release|Any CPU.Build.0 = Release|Any CPU
		{862730D3-4233-46D1-B8CC-E0C828943AF8}.Debug|Any CPU.ActiveCfg = Debug|Any CPU
		{862730D3-4233-46D1-B8CC-E0C828943AF8}.Debug|Any CPU.Build.0 = Debug|Any CPU
		{862730D3-4233-46D1-B8CC-E0C828943AF8}.Release|Any CPU.ActiveCfg = Release|Any CPU
		{862730D3-4233-46D1-B8CC-E0C828943AF8}.Release|Any CPU.Build.0 = Release|Any CPU
		{03F011F7-993D-47F4-8906-D02FA02C684F}.Debug|Any CPU.ActiveCfg = Debug|Any CPU
		{03F011F7-993D-47F4-8906-D02FA02C684F}.Debug|Any CPU.Build.0 = Debug|Any CPU
		{03F011F7-993D-47F4-8906-D02FA02C684F}.Release|Any CPU.ActiveCfg = Release|Any CPU
		{03F011F7-993D-47F4-8906-D02FA02C684F}.Release|Any CPU.Build.0 = Release|Any CPU
	EndGlobalSection
	GlobalSection(SolutionProperties) = preSolution
		HideSolutionNode = FALSE
	EndGlobalSection
EndGlobal
